
Microsoft Visual Studio Solution File, Format Version 12.00
# Visual Studio 15
VisualStudioVersion = 15.0.27130.2003
MinimumVisualStudioVersion = 10.0.40219.1
Project("{FAE04EC0-301F-11D3-BF4B-00C04F79EFBC}") = "Reviewer.DAL", "Reviewer.DAL\Reviewer.DAL.csproj", "{CFCF8B6E-592A-41D2-934A-DCC737A932ED}"
EndProject
Project("{FAE04EC0-301F-11D3-BF4B-00C04F79EFBC}") = "Reviewer.Core", "Reviewer.Core\Reviewer.Core.csproj", "{A881FC24-CADE-4AB7-9591-EB64AE40EFB7}"
EndProject
Project("{FAE04EC0-301F-11D3-BF4B-00C04F79EFBC}") = "Reviewer.Common", "Reviewer.Common\Reviewer.Common.csproj", "{7DD51321-FC40-4D0F-9C6C-62542A2E9483}"
EndProject
Project("{FAE04EC0-301F-11D3-BF4B-00C04F79EFBC}") = "Reviewer.CompsitionRoot", "Reviewer.CompsitionRoot\Reviewer.CompsitionRoot.csproj", "{8669C576-40A0-465F-A8DE-1E240CC888D3}"
EndProject
Project("{FAE04EC0-301F-11D3-BF4B-00C04F79EFBC}") = "Reviewer.Api", "Reviewer.Api\Reviewer.Api.csproj", "{A3E3EAED-829A-4288-A342-6AD26FBE7EFE}"
EndProject
Global
	GlobalSection(SolutionConfigurationPlatforms) = preSolution
		Debug|Any CPU = Debug|Any CPU
		Release|Any CPU = Release|Any CPU
	EndGlobalSection
	GlobalSection(ProjectConfigurationPlatforms) = postSolution
		{CFCF8B6E-592A-41D2-934A-DCC737A932ED}.Debug|Any CPU.ActiveCfg = Debug|Any CPU
		{CFCF8B6E-592A-41D2-934A-DCC737A932ED}.Debug|Any CPU.Build.0 = Debug|Any CPU
		{CFCF8B6E-592A-41D2-934A-DCC737A932ED}.Release|Any CPU.ActiveCfg = Release|Any CPU
		{CFCF8B6E-592A-41D2-934A-DCC737A932ED}.Release|Any CPU.Build.0 = Release|Any CPU
		{A881FC24-CADE-4AB7-9591-EB64AE40EFB7}.Debug|Any CPU.ActiveCfg = Debug|Any CPU
		{A881FC24-CADE-4AB7-9591-EB64AE40EFB7}.Debug|Any CPU.Build.0 = Debug|Any CPU
		{A881FC24-CADE-4AB7-9591-EB64AE40EFB7}.Release|Any CPU.ActiveCfg = Release|Any CPU
		{A881FC24-CADE-4AB7-9591-EB64AE40EFB7}.Release|Any CPU.Build.0 = Release|Any CPU
		{7DD51321-FC40-4D0F-9C6C-62542A2E9483}.Debug|Any CPU.ActiveCfg = Debug|Any CPU
		{7DD51321-FC40-4D0F-9C6C-62542A2E9483}.Debug|Any CPU.Build.0 = Debug|Any CPU
		{7DD51321-FC40-4D0F-9C6C-62542A2E9483}.Release|Any CPU.ActiveCfg = Release|Any CPU
		{7DD51321-FC40-4D0F-9C6C-62542A2E9483}.Release|Any CPU.Build.0 = Release|Any CPU
		{8669C576-40A0-465F-A8DE-1E240CC888D3}.Debug|Any CPU.ActiveCfg = Debug|Any CPU
		{8669C576-40A0-465F-A8DE-1E240CC888D3}.Debug|Any CPU.Build.0 = Debug|Any CPU
		{8669C576-40A0-465F-A8DE-1E240CC888D3}.Release|Any CPU.ActiveCfg = Release|Any CPU
		{8669C576-40A0-465F-A8DE-1E240CC888D3}.Release|Any CPU.Build.0 = Release|Any CPU
		{A3E3EAED-829A-4288-A342-6AD26FBE7EFE}.Debug|Any CPU.ActiveCfg = Debug|Any CPU
		{A3E3EAED-829A-4288-A342-6AD26FBE7EFE}.Debug|Any CPU.Build.0 = Debug|Any CPU
		{A3E3EAED-829A-4288-A342-6AD26FBE7EFE}.Release|Any CPU.ActiveCfg = Release|Any CPU
		{A3E3EAED-829A-4288-A342-6AD26FBE7EFE}.Release|Any CPU.Build.0 = Release|Any CPU
	EndGlobalSection
	GlobalSection(SolutionProperties) = preSolution
		HideSolutionNode = FALSE
	EndGlobalSection
	GlobalSection(ExtensibilityGlobals) = postSolution
		SolutionGuid = {764A82A8-D593-4650-99DE-CEE43F9A8E6B}
	EndGlobalSection
EndGlobal
